
Microsoft Visual Studio Solution File, Format Version 12.00
# Visual Studio Version 17
VisualStudioVersion = 17.7.34031.279
MinimumVisualStudioVersion = 10.0.40219.1
Project("{8BC9CEB8-8B4A-11D0-8D11-00A0C91BC942}") = "Snack", "Snack\Snack.vcxproj", "{129DA5DA-89C4-456C-9E03-4150D9D10B8C}"
EndProject
Global
	GlobalSection(SolutionConfigurationPlatforms) = preSolution
		Debug|x64 = Debug|x64
		Debug|x86 = Debug|x86
		Release|x64 = Release|x64
		Release|x86 = Release|x86
	EndGlobalSection
	GlobalSection(ProjectConfigurationPlatforms) = postSolution
		{129DA5DA-89C4-456C-9E03-4150D9D10B8C}.Debug|x64.ActiveCfg = Debug|x64
		{129DA5DA-89C4-456C-9E03-4150D9D10B8C}.Debug|x64.Build.0 = Debug|x64
		{129DA5DA-89C4-456C-9E03-4150D9D10B8C}.Debug|x86.ActiveCfg = Debug|Win32
		{129DA5DA-89C4-456C-9E03-4150D9D10B8C}.Debug|x86.Build.0 = Debug|Win32
		{129DA5DA-89C4-456C-9E03-4150D9D10B8C}.Release|x64.ActiveCfg = Release|x64
		{129DA5DA-89C4-456C-9E03-4150D9D10B8C}.Release|x64.Build.0 = Release|x64
		{129DA5DA-89C4-456C-9E03-4150D9D10B8C}.Release|x86.ActiveCfg = Release|Win32
		{129DA5DA-89C4-456C-9E03-4150D9D10B8C}.Release|x86.Build.0 = Release|Win32
	EndGlobalSection
	GlobalSection(SolutionProperties) = preSolution
		HideSolutionNode = FALSE
	EndGlobalSection
	GlobalSection(ExtensibilityGlobals) = postSolution
		SolutionGuid = {C476383C-D8A0-472E-A718-E1600C9F1A17}
	EndGlobalSection
EndGlobal
